<?xml version="1.0" encoding="utf-8"?>
<Project ToolsVersion="4.0" xmlns="http://schemas.microsoft.com/developer/msbuild/2003">
  <ItemGroup>
    <Filter Include="Source Files">
      <UniqueIdentifier>{4FC737F1-C7A5-4376-A066-2A32D752A2FF}</UniqueIdentifier>
      <Extensions>cpp;c;cc;cxx;c++;cppm;ixx;def;odl;idl;hpj;bat;asm;asmx</Extensions>
    </Filter>
    <Filter Include="Header Files">
      <UniqueIdentifier>{93995380-89BD-4b04-88EB-625FBE52EBFB}</UniqueIdentifier>
      <Extensions>h;hh;hpp;hxx;h++;hm;inl;inc;ipp;xsd</Extensions>
    </Filter>
    <Filter Include="Resource Files">
      <UniqueIdentifier>{67DA6AB6-F800-4c08-8B7A-83BB121AAD01}</UniqueIdentifier>
      <Extensions>rc;ico;cur;bmp;dlg;rc2;rct;bin;rgs;gif;jpg;jpeg;jpe;resx;tiff;tif;png;wav;mfcribbon-ms</Extensions>
    </Filter>
  </ItemGroup>
  <ItemGroup>
    <ClCompile Include="sourcecode\CheckMateApp.cpp">
      <Filter>Source Files</Filter>
    </ClCompile>
    <ClCompile Include="sourcecode\pch.cpp">
      <Filter>Source Files</Filter>
    </ClCompile>
    <ClCompile Include="sourcecode\GameWindow.cpp">
      <Filter>Source Files</Filter>
    </ClCompile>
    <ClCompile Include="sourcecode\GLFWCode\GLFWimplementation.cpp">
      <Filter>Source Files</Filter>
    </ClCompile>
    <ClCompile Include="sourcecode\Shader.cpp">
      <Filter>Source Files</Filter>
    </ClCompile>
    <ClCompile Include="sourcecode\OpenGLCode\OpenGLShader.cpp">
      <Filter>Source Files</Filter>
    </ClCompile>
    <ClCompile Include="sourcecode\Renderer.cpp">
      <Filter>Source Files</Filter>
    </ClCompile>
    <ClCompile Include="sourcecode\OpenGLCode\OpenGLRenderer.cpp">
      <Filter>Source Files</Filter>
    </ClCompile>
    <ClCompile Include="sourcecode\CheckMateEvents.cpp">
      <Filter>Header Files</Filter>
    </ClCompile>
    <ClCompile Include="sourcecode\Unit.cpp">
      <Filter>Source Files</Filter>
    </ClCompile>
    <ClCompile Include="sourcecode\Image.cpp">
      <Filter>Source Files</Filter>
    </ClCompile>
    <ClCompile Include="sourcecode\OpenGLCode\OpenGLImage.cpp">
      <Filter>Source Files</Filter>
    </ClCompile>
  </ItemGroup>
  <ItemGroup>
    <ClInclude Include="sourcecode\CheckMateApp.h">
      <Filter>Header Files</Filter>
    </ClInclude>
    <ClInclude Include="sourcecode\CheckMateUtil.h">
      <Filter>Header Files</Filter>
    </ClInclude>
    <ClInclude Include="include\CheckMate.h">
      <Filter>Header Files</Filter>
    </ClInclude>
    <ClInclude Include="sourcecode\pch.h">
      <Filter>Header Files</Filter>
    </ClInclude>
    <ClInclude Include="sourcecode\GameWindow.h">
      <Filter>Header Files</Filter>
    </ClInclude>
    <ClInclude Include="sourcecode\WindowImplementation.h">
      <Filter>Header Files</Filter>
    </ClInclude>
    <ClInclude Include="sourcecode\GLFWCode\GLFWimplementation.h">
      <Filter>Header Files</Filter>
    </ClInclude>
    <ClInclude Include="sourcecode\Renderer.h">
      <Filter>Header Files</Filter>
    </ClInclude>
    <ClInclude Include="sourcecode\Image.h">
      <Filter>Header Files</Filter>
    </ClInclude>
    <ClInclude Include="sourcecode\Shader.h">
      <Filter>Header Files</Filter>
    </ClInclude>
    <ClInclude Include="sourcecode\ImplShader.h">
      <Filter>Header Files</Filter>
    </ClInclude>
    <ClInclude Include="sourcecode\OpenGLCode\OpenGLShader.h">
      <Filter>Header Files</Filter>
    </ClInclude>
    <ClInclude Include="sourcecode\ImplRenderer.h">
      <Filter>Header Files</Filter>
    </ClInclude>
    <ClInclude Include="sourcecode\OpenGLCode\OpenGLRenderer.h">
      <Filter>Header Files</Filter>
    </ClInclude>
    <ClInclude Include="sourcecode\RendererTypes.h">
      <Filter>Header Files</Filter>
    </ClInclude>
    <ClInclude Include="sourcecode\CheckMateEvents.h">
      <Filter>Header Files</Filter>
    </ClInclude>
    <ClInclude Include="sourcecode\Unit.h">
      <Filter>Header Files</Filter>
    </ClInclude>
    <ClInclude Include="sourcecode\ImplImage.h">
      <Filter>Header Files</Filter>
    </ClInclude>
    <ClInclude Include="sourcecode\OpenGLCode\OpenGLImage.h">
      <Filter>Header Files</Filter>
    </ClInclude>
    <ClInclude Include="sourcecode\CheckMateKeys.h">
      <Filter>Header Files</Filter>
    </ClInclude>
  </ItemGroup>
</Project>